PODS:
  - CLTCommon (0.0.4)

DEPENDENCIES:
  - CLTCommon (from `https://github.com/cclovett/CLTCommon.git`, tag `0.0.4`)

EXTERNAL SOURCES:
  CLTCommon:
    :git: https://github.com/cclovett/CLTCommon.git
    :tag: 0.0.4

CHECKOUT OPTIONS:
  CLTCommon:
    :git: https://github.com/cclovett/CLTCommon.git
    :tag: 0.0.4

SPEC CHECKSUMS:
  CLTCommon: a89340d628f0bbedbc5ac33b163ea5d7b347c01a

COCOAPODS: 0.38.2
