// !$*UTF8*$!
{
	archiveVersion = 1;
	classes = {
	};
	objectVersion = 46;
	objects = {

/* Begin PBXBuildFile section */
		4263202E1ACD1A1D0075EFC5 /* main.m in Sources */ = {isa = PBXBuildFile; fileRef = 4263202D1ACD1A1D0075EFC5 /* main.m */; };
		426320311ACD1A1D0075EFC5 /* AppDelegate.m in Sources */ = {isa = PBXBuildFile; fileRef = 426320301ACD1A1D0075EFC5 /* AppDelegate.m */; };
		426320341ACD1A1D0075EFC5 /* ViewController.m in Sources */ = {isa = PBXBuildFile; fileRef = 426320331ACD1A1D0075EFC5 /* ViewController.m */; };
		426320371ACD1A1D0075EFC5 /* Main.storyboard in Resources */ = {isa = PBXBuildFile; fileRef = 426320351ACD1A1D0075EFC5 /* Main.storyboard */; };
		426320391ACD1A1D0075EFC5 /* Images.xcassets in Resources */ = {isa = PBXBuildFile; fileRef = 426320381ACD1A1D0075EFC5 /* Images.xcassets */; };
		4263203C1ACD1A1D0075EFC5 /* LaunchScreen.xib in Resources */ = {isa = PBXBuildFile; fileRef = 4263203A1ACD1A1D0075EFC5 /* LaunchScreen.xib */; };
		426320481ACD1A1D0075EFC5 /* CLTCommon_iOS_ExampleTests.m in Sources */ = {isa = PBXBuildFile; fileRef = 426320471ACD1A1D0075EFC5 /* CLTCommon_iOS_ExampleTests.m */; };
/* End PBXBuildFile section */

/* Begin PBXContainerItemProxy section */
		426320421ACD1A1D0075EFC5 /* PBXContainerItemProxy */ = {
			isa = PBXContainerItemProxy;
			containerPortal = 426320201ACD1A1D0075EFC5 /* Project object */;
			proxyType = 1;
			remoteGlobalIDString = 426320271ACD1A1D0075EFC5;
			remoteInfo = "CLTCommon iOS Example";
		};
/* End PBXContainerItemProxy section */

/* Begin PBXFileReference section */
		426320281ACD1A1D0075EFC5 /* CLTCommon iOS Example.app */ = {isa = PBXFileReference; explicitFileType = wrapper.application; includeInIndex = 0; path = "CLTCommon iOS Example.app"; sourceTree = BUILT_PRODUCTS_DIR; };
		4263202C1ACD1A1D0075EFC5 /* Info.plist */ = {isa = PBXFileReference; lastKnownFileType = text.plist.xml; path = Info.plist; sourceTree = "<group>"; };
		4263202D1ACD1A1D0075EFC5 /* main.m */ = {isa = PBXFileReference; lastKnownFileType = sourcecode.c.objc; path = main.m; sourceTree = "<group>"; };
		4263202F1ACD1A1D0075EFC5 /* AppDelegate.h */ = {isa = PBXFileReference; lastKnownFileType = sourcecode.c.h; path = AppDelegate.h; sourceTree = "<group>"; };
		426320301ACD1A1D0075EFC5 /* AppDelegate.m */ = {isa = PBXFileReference; lastKnownFileType = sourcecode.c.objc; path = AppDelegate.m; sourceTree = "<group>"; };
		426320321ACD1A1D0075EFC5 /* ViewController.h */ = {isa = PBXFileReference; lastKnownFileType = sourcecode.c.h; path = ViewController.h; sourceTree = "<group>"; };
		426320331ACD1A1D0075EFC5 /* ViewController.m */ = {isa = PBXFileReference; lastKnownFileType = sourcecode.c.objc; path = ViewController.m; sourceTree = "<group>"; };
		426320361ACD1A1D0075EFC5 /* Base */ = {isa = PBXFileReference; lastKnownFileType = file.storyboard; name = Base; path = Base.lproj/Main.storyboard; sourceTree = "<group>"; };
		426320381ACD1A1D0075EFC5 /* Images.xcassets */ = {isa = PBXFileReference; lastKnownFileType = folder.assetcatalog; path = Images.xcassets; sourceTree = "<group>"; };
		4263203B1ACD1A1D0075EFC5 /* Base */ = {isa = PBXFileReference; lastKnownFileType = file.xib; name = Base; path = Base.lproj/LaunchScreen.xib; sourceTree = "<group>"; };
		426320411ACD1A1D0075EFC5 /* CLTCommon iOS ExampleTests.xctest */ = {isa = PBXFileReference; explicitFileType = wrapper.cfbundle; includeInIndex = 0; path = "CLTCommon iOS ExampleTests.xctest"; sourceTree = BUILT_PRODUCTS_DIR; };
		426320461ACD1A1D0075EFC5 /* Info.plist */ = {isa = PBXFileReference; lastKnownFileType = text.plist.xml; path = Info.plist; sourceTree = "<group>"; };
		426320471ACD1A1D0075EFC5 /* CLTCommon_iOS_ExampleTests.m */ = {isa = PBXFileReference; lastKnownFileType = sourcecode.c.objc; path = CLTCommon_iOS_ExampleTests.m; sourceTree = "<group>"; };
/* End PBXFileReference section */

/* Begin PBXFrameworksBuildPhase section */
		426320251ACD1A1D0075EFC5 /* Frameworks */ = {
			isa = PBXFrameworksBuildPhase;
			buildActionMask = 2147483647;
			files = (
			);
			runOnlyForDeploymentPostprocessing = 0;
		};
		4263203E1ACD1A1D0075EFC5 /* Frameworks */ = {
			isa = PBXFrameworksBuildPhase;
			buildActionMask = 2147483647;
			files = (
			);
			runOnlyForDeploymentPostprocessing = 0;
		};
/* End PBXFrameworksBuildPhase section */

/* Begin PBXGroup section */
		4263201F1ACD1A1D0075EFC5 = {
			isa = PBXGroup;
			children = (
				4263202A1ACD1A1D0075EFC5 /* CLTCommon iOS Example */,
				426320441ACD1A1D0075EFC5 /* CLTCommon iOS ExampleTests */,
				426320291ACD1A1D0075EFC5 /* Products */,
			);
			sourceTree = "<group>";
		};
		426320291ACD1A1D0075EFC5 /* Products */ = {
			isa = PBXGroup;
			children = (
				426320281ACD1A1D0075EFC5 /* CLTCommon iOS Example.app */,
				426320411ACD1A1D0075EFC5 /* CLTCommon iOS ExampleTests.xctest */,
			);
			name = Products;
			sourceTree = "<group>";
		};
		4263202A1ACD1A1D0075EFC5 /* CLTCommon iOS Example */ = {
			isa = PBXGroup;
			children = (
				4263202F1ACD1A1D0075EFC5 /* AppDelegate.h */,
				426320301ACD1A1D0075EFC5 /* AppDelegate.m */,
				426320321ACD1A1D0075EFC5 /* ViewController.h */,
				426320331ACD1A1D0075EFC5 /* ViewController.m */,
				426320351ACD1A1D0075EFC5 /* Main.storyboard */,
				426320381ACD1A1D0075EFC5 /* Images.xcassets */,
				4263203A1ACD1A1D0075EFC5 /* LaunchScreen.xib */,
				4263202B1ACD1A1D0075EFC5 /* Supporting Files */,
			);
			path = "CLTCommon iOS Example";
			sourceTree = "<group>";
		};
		4263202B1ACD1A1D0075EFC5 /* Supporting Files */ = {
			isa = PBXGroup;
			children = (
				4263202C1ACD1A1D0075EFC5 /* Info.plist */,
				4263202D1ACD1A1D0075EFC5 /* main.m */,
			);
			name = "Supporting Files";
			sourceTree = "<group>";
		};
		426320441ACD1A1D0075EFC5 /* CLTCommon iOS ExampleTests */ = {
			isa = PBXGroup;
			children = (
				426320471ACD1A1D0075EFC5 /* CLTCommon_iOS_ExampleTests.m */,
				426320451ACD1A1D0075EFC5 /* Supporting Files */,
			);
			path = "CLTCommon iOS ExampleTests";
			sourceTree = "<group>";
		};
		426320451ACD1A1D0075EFC5 /* Supporting Files */ = {
			isa = PBXGroup;
			children = (
				426320461ACD1A1D0075EFC5 /* Info.plist */,
			);
			name = "Supporting Files";
			sourceTree = "<group>";
		};
/* End PBXGroup section */

/* Begin PBXNativeTarget section */
		426320271ACD1A1D0075EFC5 /* CLTCommon iOS Example */ = {
			isa = PBXNativeTarget;
			buildConfigurationList = 4263204B1ACD1A1D0075EFC5 /* Build configuration list for PBXNativeTarget "CLTCommon iOS Example" */;
			buildPhases = (
				426320241ACD1A1D0075EFC5 /* Sources */,
				426320251ACD1A1D0075EFC5 /* Frameworks */,
				426320261ACD1A1D0075EFC5 /* Resources */,
			);
			buildRules = (
			);
			dependencies = (
			);
			name = "CLTCommon iOS Example";
			productName = "CLTCommon iOS Example";
			productReference = 426320281ACD1A1D0075EFC5 /* CLTCommon iOS Example.app */;
			productType = "com.apple.product-type.application";
		};
		426320401ACD1A1D0075EFC5 /* CLTCommon iOS ExampleTests */ = {
			isa = PBXNativeTarget;
			buildConfigurationList = 4263204E1ACD1A1D0075EFC5 /* Build configuration list for PBXNativeTarget "CLTCommon iOS ExampleTests" */;
			buildPhases = (
				4263203D1ACD1A1D0075EFC5 /* Sources */,
				4263203E1ACD1A1D0075EFC5 /* Frameworks */,
				4263203F1ACD1A1D0075EFC5 /* Resources */,
			);
			buildRules = (
			);
			dependencies = (
				426320431ACD1A1D0075EFC5 /* PBXTargetDependency */,
			);
			name = "CLTCommon iOS ExampleTests";
			productName = "CLTCommon iOS ExampleTests";
			productReference = 426320411ACD1A1D0075EFC5 /* CLTCommon iOS ExampleTests.xctest */;
			productType = "com.apple.product-type.bundle.unit-test";
		};
/* End PBXNativeTarget section */

/* Begin PBXProject section */
		426320201ACD1A1D0075EFC5 /* Project object */ = {
			isa = PBXProject;
			attributes = {
				LastUpgradeCheck = 0620;
				ORGANIZATIONNAME = PinguoSDK;
				TargetAttributes = {
					426320271ACD1A1D0075EFC5 = {
						CreatedOnToolsVersion = 6.2;
					};
					426320401ACD1A1D0075EFC5 = {
						CreatedOnToolsVersion = 6.2;
						TestTargetID = 426320271ACD1A1D0075EFC5;
					};
				};
			};
			buildConfigurationList = 426320231ACD1A1D0075EFC5 /* Build configuration list for PBXProject "CLTCommon iOS Example" */;
			compatibilityVersion = "Xcode 3.2";
			developmentRegion = English;
			hasScannedForEncodings = 0;
			knownRegions = (
				en,
				Base,
			);
			mainGroup = 4263201F1ACD1A1D0075EFC5;
			productRefGroup = 426320291ACD1A1D0075EFC5 /* Products */;
			projectDirPath = "";
			projectRoot = "";
			targets = (
				426320271ACD1A1D0075EFC5 /* CLTCommon iOS Example */,
				426320401ACD1A1D0075EFC5 /* CLTCommon iOS ExampleTests */,
			);
		};
/* End PBXProject section */

/* Begin PBXResourcesBuildPhase section */
		426320261ACD1A1D0075EFC5 /* Resources */ = {
			isa = PBXResourcesBuildPhase;
			buildActionMask = 2147483647;
			files = (
				426320371ACD1A1D0075EFC5 /* Main.storyboard in Resources */,
				4263203C1ACD1A1D0075EFC5 /* LaunchScreen.xib in Resources */,
				426320391ACD1A1D0075EFC5 /* Images.xcassets in Resources */,
			);
			runOnlyForDeploymentPostprocessing = 0;
		};
		4263203F1ACD1A1D0075EFC5 /* Resources */ = {
			isa = PBXResourcesBuildPhase;
			buildActionMask = 2147483647;
			files = (
			);
			runOnlyForDeploymentPostprocessing = 0;
		};
/* End PBXResourcesBuildPhase section */

/* Begin PBXSourcesBuildPhase section */
		426320241ACD1A1D0075EFC5 /* Sources */ = {
			isa = PBXSourcesBuildPhase;
			buildActionMask = 2147483647;
			files = (
				426320341ACD1A1D0075EFC5 /* ViewController.m in Sources */,
				426320311ACD1A1D0075EFC5 /* AppDelegate.m in Sources */,
				4263202E1ACD1A1D0075EFC5 /* main.m in Sources */,
			);
			runOnlyForDeploymentPostprocessing = 0;
		};
		4263203D1ACD1A1D0075EFC5 /* Sources */ = {
			isa = PBXSourcesBuildPhase;
			buildActionMask = 2147483647;
			files = (
				426320481ACD1A1D0075EFC5 /* CLTCommon_iOS_ExampleTests.m in Sources */,
			);
			runOnlyForDeploymentPostprocessing = 0;
		};
/* End PBXSourcesBuildPhase section */

/* Begin PBXTargetDependency section */
		426320431ACD1A1D0075EFC5 /* PBXTargetDependency */ = {
			isa = PBXTargetDependency;
			target = 426320271ACD1A1D0075EFC5 /* CLTCommon iOS Example */;
			targetProxy = 426320421ACD1A1D0075EFC5 /* PBXContainerItemProxy */;
		};
/* End PBXTargetDependency section */

/* Begin PBXVariantGroup section */
		426320351ACD1A1D0075EFC5 /* Main.storyboard */ = {
			isa = PBXVariantGroup;
			children = (
				426320361ACD1A1D0075EFC5 /* Base */,
			);
			name = Main.storyboard;
			sourceTree = "<group>";
		};
		4263203A1ACD1A1D0075EFC5 /* LaunchScreen.xib */ = {
			isa = PBXVariantGroup;
			children = (
				4263203B1ACD1A1D0075EFC5 /* Base */,
			);
			name = LaunchScreen.xib;
			sourceTree = "<group>";
		};
/* End PBXVariantGroup section */

/* Begin XCBuildConfiguration section */
		426320491ACD1A1D0075EFC5 /* Debug */ = {
			isa = XCBuildConfiguration;
			buildSettings = {
				ALWAYS_SEARCH_USER_PATHS = NO;
				CLANG_CXX_LANGUAGE_STANDARD = "gnu++0x";
				CLANG_CXX_LIBRARY = "libc++";
				CLANG_ENABLE_MODULES = YES;
				CLANG_ENABLE_OBJC_ARC = YES;
				CLANG_WARN_BOOL_CONVERSION = YES;
				CLANG_WARN_CONSTANT_CONVERSION = YES;
				CLANG_WARN_DIRECT_OBJC_ISA_USAGE = YES_ERROR;
				CLANG_WARN_EMPTY_BODY = YES;
				CLANG_WARN_ENUM_CONVERSION = YES;
				CLANG_WARN_INT_CONVERSION = YES;
				CLANG_WARN_OBJC_ROOT_CLASS = YES_ERROR;
				CLANG_WARN_UNREACHABLE_CODE = YES;
				CLANG_WARN__DUPLICATE_METHOD_MATCH = YES;
				"CODE_SIGN_IDENTITY[sdk=iphoneos*]" = "iPhone Developer";
				COPY_PHASE_STRIP = NO;
				ENABLE_STRICT_OBJC_MSGSEND = YES;
				GCC_C_LANGUAGE_STANDARD = gnu99;
				GCC_DYNAMIC_NO_PIC = NO;
				GCC_OPTIMIZATION_LEVEL = 0;
				GCC_PREPROCESSOR_DEFINITIONS = (
					"DEBUG=1",
					"$(inherited)",
				);
				GCC_SYMBOLS_PRIVATE_EXTERN = NO;
				GCC_WARN_64_TO_32_BIT_CONVERSION = YES;
				GCC_WARN_ABOUT_RETURN_TYPE = YES_ERROR;
				GCC_WARN_UNDECLARED_SELECTOR = YES;
				GCC_WARN_UNINITIALIZED_AUTOS = YES_AGGRESSIVE;
				GCC_WARN_UNUSED_FUNCTION = YES;
				GCC_WARN_UNUSED_VARIABLE = YES;
				IPHONEOS_DEPLOYMENT_TARGET = 8.2;
				MTL_ENABLE_DEBUG_INFO = YES;
				ONLY_ACTIVE_ARCH = YES;
				SDKROOT = iphoneos;
				TARGETED_DEVICE_FAMILY = "1,2";
			};
			name = Debug;
		};
		4263204A1ACD1A1D0075EFC5 /* Release */ = {
			isa = XCBuildConfiguration;
			buildSettings = {
				ALWAYS_SEARCH_USER_PATHS = NO;
				CLANG_CXX_LANGUAGE_STANDARD = "gnu++0x";
				CLANG_CXX_LIBRARY = "libc++";
				CLANG_ENABLE_MODULES = YES;
				CLANG_ENABLE_OBJC_ARC = YES;
				CLANG_WARN_BOOL_CONVERSION = YES;
				CLANG_WARN_CONSTANT_CONVERSION = YES;
				CLANG_WARN_DIRECT_OBJC_ISA_USAGE = YES_ERROR;
				CLANG_WARN_EMPTY_BODY = YES;
				CLANG_WARN_ENUM_CONVERSION = YES;
				CLANG_WARN_INT_CONVERSION = YES;
				CLANG_WARN_OBJC_ROOT_CLASS = YES_ERROR;
				CLANG_WARN_UNREACHABLE_CODE = YES;
				CLANG_WARN__DUPLICATE_METHOD_MATCH = YES;
				"CODE_SIGN_IDENTITY[sdk=iphoneos*]" = "iPhone Developer";
				COPY_PHASE_STRIP = NO;
				ENABLE_NS_ASSERTIONS = NO;
				ENABLE_STRICT_OBJC_MSGSEND = YES;
				GCC_C_LANGUAGE_STANDARD = gnu99;
				GCC_WARN_64_TO_32_BIT_CONVERSION = YES;
				GCC_WARN_ABOUT_RETURN_TYPE = YES_ERROR;
				GCC_WARN_UNDECLARED_SELECTOR = YES;
				GCC_WARN_UNINITIALIZED_AUTOS = YES_AGGRESSIVE;
				GCC_WARN_UNUSED_FUNCTION = YES;
				GCC_WARN_UNUSED_VARIABLE = YES;
				IPHONEOS_DEPLOYMENT_TARGET = 8.2;
				MTL_ENABLE_DEBUG_INFO = NO;
				SDKROOT = iphoneos;
				TARGETED_DEVICE_FAMILY = "1,2";
				VALIDATE_PRODUCT = YES;
			};
			name = Release;
		};
		4263204C1ACD1A1D0075EFC5 /* Debug */ = {
			isa = XCBuildConfiguration;
			buildSettings = {
				ASSETCATALOG_COMPILER_APPICON_NAME = AppIcon;
				INFOPLIST_FILE = "CLTCommon iOS Example/Info.plist";
				LD_RUNPATH_SEARCH_PATHS = "$(inherited) @executable_path/Frameworks";
				PRODUCT_NAME = "$(TARGET_NAME)";
			};
			name = Debug;
		};
		4263204D1ACD1A1D0075EFC5 /* Release */ = {
			isa = XCBuildConfiguration;
			buildSettings = {
				ASSETCATALOG_COMPILER_APPICON_NAME = AppIcon;
				INFOPLIST_FILE = "CLTCommon iOS Example/Info.plist";
				LD_RUNPATH_SEARCH_PATHS = "$(inherited) @executable_path/Frameworks";
				PRODUCT_NAME = "$(TARGET_NAME)";
			};
			name = Release;
		};
		4263204F1ACD1A1D0075EFC5 /* Debug */ = {
			isa = XCBuildConfiguration;
			buildSettings = {
				BUNDLE_LOADER = "$(TEST_HOST)";
				FRAMEWORK_SEARCH_PATHS = (
					"$(SDKROOT)/Developer/Library/Frameworks",
					"$(inherited)",
				);
				GCC_PREPROCESSOR_DEFINITIONS = (
					"DEBUG=1",
					"$(inherited)",
				);
				INFOPLIST_FILE = "CLTCommon iOS ExampleTests/Info.plist";
				LD_RUNPATH_SEARCH_PATHS = "$(inherited) @executable_path/Frameworks @loader_path/Frameworks";
				PRODUCT_NAME = "$(TARGET_NAME)";
				TEST_HOST = "$(BUILT_PRODUCTS_DIR)/CLTCommon iOS Example.app/CLTCommon iOS Example";
			};
			name = Debug;
		};
		426320501ACD1A1D0075EFC5 /* Release */ = {
			isa = XCBuildConfiguration;
			buildSettings = {
				BUNDLE_LOADER = "$(TEST_HOST)";
				FRAMEWORK_SEARCH_PATHS = (
					"$(SDKROOT)/Developer/Library/Frameworks",
					"$(inherited)",
				);
				INFOPLIST_FILE = "CLTCommon iOS ExampleTests/Info.plist";
				LD_RUNPATH_SEARCH_PATHS = "$(inherited) @executable_path/Frameworks @loader_path/Frameworks";
				PRODUCT_NAME = "$(TARGET_NAME)";
				TEST_HOST = "$(BUILT_PRODUCTS_DIR)/CLTCommon iOS Example.app/CLTCommon iOS Example";
			};
			name = Release;
		};
/* End XCBuildConfiguration section */

/* Begin XCConfigurationList section */
		426320231ACD1A1D0075EFC5 /* Build configuration list for PBXProject "CLTCommon iOS Example" */ = {
			isa = XCConfigurationList;
			buildConfigurations = (
				426320491ACD1A1D0075EFC5 /* Debug */,
				4263204A1ACD1A1D0075EFC5 /* Release */,
			);
			defaultConfigurationIsVisible = 0;
			defaultConfigurationName = Release;
		};
		4263204B1ACD1A1D0075EFC5 /* Build configuration list for PBXNativeTarget "CLTCommon iOS Example" */ = {
			isa = XCConfigurationList;
			buildConfigurations = (
				4263204C1ACD1A1D0075EFC5 /* Debug */,
				4263204D1ACD1A1D0075EFC5 /* Release */,
			);
			defaultConfigurationIsVisible = 0;
		};
		4263204E1ACD1A1D0075EFC5 /* Build configuration list for PBXNativeTarget "CLTCommon iOS ExampleTests" */ = {
			isa = XCConfigurationList;
			buildConfigurations = (
				4263204F1ACD1A1D0075EFC5 /* Debug */,
				426320501ACD1A1D0075EFC5 /* Release */,
			);
			defaultConfigurationIsVisible = 0;
		};
/* End XCConfigurationList section */
	};
	rootObject = 426320201ACD1A1D0075EFC5 /* Project object */;
}
