// !$*UTF8*$!
{
	archiveVersion = 1;
	classes = {
	};
	objectVersion = 46;
	objects = {

/* Begin PBXBuildFile section */
		1AF20936EC8B2CF997777E2C /* Pods.framework in Frameworks */ = {isa = PBXBuildFile; fileRef = 407AF9E786872786978D5639 /* Pods.framework */; settings = {ATTRIBUTES = (Weak, ); }; };
		420972981C7BF850007DA447 /* AppDelegate.swift in Sources */ = {isa = PBXBuildFile; fileRef = 420972971C7BF850007DA447 /* AppDelegate.swift */; };
		4209729A1C7BF850007DA447 /* ViewController.swift in Sources */ = {isa = PBXBuildFile; fileRef = 420972991C7BF850007DA447 /* ViewController.swift */; };
		4209729D1C7BF850007DA447 /* Main.storyboard in Resources */ = {isa = PBXBuildFile; fileRef = 4209729B1C7BF850007DA447 /* Main.storyboard */; };
		4209729F1C7BF850007DA447 /* Assets.xcassets in Resources */ = {isa = PBXBuildFile; fileRef = 4209729E1C7BF850007DA447 /* Assets.xcassets */; };
		420972A21C7BF850007DA447 /* LaunchScreen.storyboard in Resources */ = {isa = PBXBuildFile; fileRef = 420972A01C7BF850007DA447 /* LaunchScreen.storyboard */; };
/* End PBXBuildFile section */

/* Begin PBXFileReference section */
		407AF9E786872786978D5639 /* Pods.framework */ = {isa = PBXFileReference; explicitFileType = wrapper.framework; includeInIndex = 0; path = Pods.framework; sourceTree = BUILT_PRODUCTS_DIR; };
		420972941C7BF850007DA447 /* CLTCommonDemo.app */ = {isa = PBXFileReference; explicitFileType = wrapper.application; includeInIndex = 0; path = CLTCommonDemo.app; sourceTree = BUILT_PRODUCTS_DIR; };
		420972971C7BF850007DA447 /* AppDelegate.swift */ = {isa = PBXFileReference; lastKnownFileType = sourcecode.swift; path = AppDelegate.swift; sourceTree = "<group>"; };
		420972991C7BF850007DA447 /* ViewController.swift */ = {isa = PBXFileReference; lastKnownFileType = sourcecode.swift; path = ViewController.swift; sourceTree = "<group>"; };
		4209729C1C7BF850007DA447 /* Base */ = {isa = PBXFileReference; lastKnownFileType = file.storyboard; name = Base; path = Base.lproj/Main.storyboard; sourceTree = "<group>"; };
		4209729E1C7BF850007DA447 /* Assets.xcassets */ = {isa = PBXFileReference; lastKnownFileType = folder.assetcatalog; path = Assets.xcassets; sourceTree = "<group>"; };
		420972A11C7BF850007DA447 /* Base */ = {isa = PBXFileReference; lastKnownFileType = file.storyboard; name = Base; path = Base.lproj/LaunchScreen.storyboard; sourceTree = "<group>"; };
		420972A31C7BF850007DA447 /* Info.plist */ = {isa = PBXFileReference; lastKnownFileType = text.plist.xml; path = Info.plist; sourceTree = "<group>"; };
		420972A91C7BF871007DA447 /* CLTCommonDemo-Bridging-Header.h */ = {isa = PBXFileReference; lastKnownFileType = sourcecode.c.h; path = "CLTCommonDemo-Bridging-Header.h"; sourceTree = "<group>"; };
		F3C88E60ED94FC8A676B802A /* Pods.release.xcconfig */ = {isa = PBXFileReference; includeInIndex = 1; lastKnownFileType = text.xcconfig; name = Pods.release.xcconfig; path = "Pods/Target Support Files/Pods/Pods.release.xcconfig"; sourceTree = "<group>"; };
		F547F41D9ED9F26A89925502 /* Pods.debug.xcconfig */ = {isa = PBXFileReference; includeInIndex = 1; lastKnownFileType = text.xcconfig; name = Pods.debug.xcconfig; path = "Pods/Target Support Files/Pods/Pods.debug.xcconfig"; sourceTree = "<group>"; };
/* End PBXFileReference section */

/* Begin PBXFrameworksBuildPhase section */
		420972911C7BF850007DA447 /* Frameworks */ = {
			isa = PBXFrameworksBuildPhase;
			buildActionMask = 2147483647;
			files = (
				1AF20936EC8B2CF997777E2C /* Pods.framework in Frameworks */,
			);
			runOnlyForDeploymentPostprocessing = 0;
		};
/* End PBXFrameworksBuildPhase section */

/* Begin PBXGroup section */
		373973ECB41E91F3AA3C5DF6 /* Pods */ = {
			isa = PBXGroup;
			children = (
				F547F41D9ED9F26A89925502 /* Pods.debug.xcconfig */,
				F3C88E60ED94FC8A676B802A /* Pods.release.xcconfig */,
			);
			name = Pods;
			sourceTree = "<group>";
		};
		4209728B1C7BF850007DA447 = {
			isa = PBXGroup;
			children = (
				420972961C7BF850007DA447 /* CLTCommonDemo */,
				420972951C7BF850007DA447 /* Products */,
				373973ECB41E91F3AA3C5DF6 /* Pods */,
				E221E62856582BDBFE1CFC65 /* Frameworks */,
			);
			sourceTree = "<group>";
		};
		420972951C7BF850007DA447 /* Products */ = {
			isa = PBXGroup;
			children = (
				420972941C7BF850007DA447 /* CLTCommonDemo.app */,
			);
			name = Products;
			sourceTree = "<group>";
		};
		420972961C7BF850007DA447 /* CLTCommonDemo */ = {
			isa = PBXGroup;
			children = (
				420972971C7BF850007DA447 /* AppDelegate.swift */,
				420972991C7BF850007DA447 /* ViewController.swift */,
				4209729B1C7BF850007DA447 /* Main.storyboard */,
				4209729E1C7BF850007DA447 /* Assets.xcassets */,
				420972A01C7BF850007DA447 /* LaunchScreen.storyboard */,
				420972A31C7BF850007DA447 /* Info.plist */,
				420972A91C7BF871007DA447 /* CLTCommonDemo-Bridging-Header.h */,
			);
			path = CLTCommonDemo;
			sourceTree = "<group>";
		};
		E221E62856582BDBFE1CFC65 /* Frameworks */ = {
			isa = PBXGroup;
			children = (
				407AF9E786872786978D5639 /* Pods.framework */,
			);
			name = Frameworks;
			sourceTree = "<group>";
		};
/* End PBXGroup section */

/* Begin PBXNativeTarget section */
		420972931C7BF850007DA447 /* CLTCommonDemo */ = {
			isa = PBXNativeTarget;
			buildConfigurationList = 420972A61C7BF850007DA447 /* Build configuration list for PBXNativeTarget "CLTCommonDemo" */;
			buildPhases = (
				2348CCE89F664AE569BBE16B /* Check Pods Manifest.lock */,
				420972901C7BF850007DA447 /* Sources */,
				420972911C7BF850007DA447 /* Frameworks */,
				420972921C7BF850007DA447 /* Resources */,
				BAC25354485FB6F3E79ED3C6 /* Embed Pods Frameworks */,
				FA8441BF12697CA372F170BE /* Copy Pods Resources */,
			);
			buildRules = (
			);
			dependencies = (
			);
			name = CLTCommonDemo;
			productName = CLTCommonDemo;
			productReference = 420972941C7BF850007DA447 /* CLTCommonDemo.app */;
			productType = "com.apple.product-type.application";
		};
/* End PBXNativeTarget section */

/* Begin PBXProject section */
		4209728C1C7BF850007DA447 /* Project object */ = {
			isa = PBXProject;
			attributes = {
				LastSwiftUpdateCheck = 0720;
				LastUpgradeCheck = 0720;
				ORGANIZATIONNAME = Cc;
				TargetAttributes = {
					420972931C7BF850007DA447 = {
						CreatedOnToolsVersion = 7.2.1;
					};
				};
			};
			buildConfigurationList = 4209728F1C7BF850007DA447 /* Build configuration list for PBXProject "CLTCommonDemo" */;
			compatibilityVersion = "Xcode 3.2";
			developmentRegion = English;
			hasScannedForEncodings = 0;
			knownRegions = (
				en,
				Base,
			);
			mainGroup = 4209728B1C7BF850007DA447;
			productRefGroup = 420972951C7BF850007DA447 /* Products */;
			projectDirPath = "";
			projectRoot = "";
			targets = (
				420972931C7BF850007DA447 /* CLTCommonDemo */,
			);
		};
/* End PBXProject section */

/* Begin PBXResourcesBuildPhase section */
		420972921C7BF850007DA447 /* Resources */ = {
			isa = PBXResourcesBuildPhase;
			buildActionMask = 2147483647;
			files = (
				420972A21C7BF850007DA447 /* LaunchScreen.storyboard in Resources */,
				4209729F1C7BF850007DA447 /* Assets.xcassets in Resources */,
				4209729D1C7BF850007DA447 /* Main.storyboard in Resources */,
			);
			runOnlyForDeploymentPostprocessing = 0;
		};
/* End PBXResourcesBuildPhase section */

/* Begin PBXShellScriptBuildPhase section */
		2348CCE89F664AE569BBE16B /* Check Pods Manifest.lock */ = {
			isa = PBXShellScriptBuildPhase;
			buildActionMask = 2147483647;
			files = (
			);
			inputPaths = (
			);
			name = "Check Pods Manifest.lock";
			outputPaths = (
			);
			runOnlyForDeploymentPostprocessing = 0;
			shellPath = /bin/sh;
			shellScript = "diff \"${PODS_ROOT}/../Podfile.lock\" \"${PODS_ROOT}/Manifest.lock\" > /dev/null\nif [[ $? != 0 ]] ; then\n    cat << EOM\nerror: The sandbox is not in sync with the Podfile.lock. Run 'pod install' or update your CocoaPods installation.\nEOM\n    exit 1\nfi\n";
			showEnvVarsInLog = 0;
		};
		BAC25354485FB6F3E79ED3C6 /* Embed Pods Frameworks */ = {
			isa = PBXShellScriptBuildPhase;
			buildActionMask = 2147483647;
			files = (
			);
			inputPaths = (
			);
			name = "Embed Pods Frameworks";
			outputPaths = (
			);
			runOnlyForDeploymentPostprocessing = 0;
			shellPath = /bin/sh;
			shellScript = "\"${SRCROOT}/Pods/Target Support Files/Pods/Pods-frameworks.sh\"\n";
			showEnvVarsInLog = 0;
		};
		FA8441BF12697CA372F170BE /* Copy Pods Resources */ = {
			isa = PBXShellScriptBuildPhase;
			buildActionMask = 2147483647;
			files = (
			);
			inputPaths = (
			);
			name = "Copy Pods Resources";
			outputPaths = (
			);
			runOnlyForDeploymentPostprocessing = 0;
			shellPath = /bin/sh;
			shellScript = "\"${SRCROOT}/Pods/Target Support Files/Pods/Pods-resources.sh\"\n";
			showEnvVarsInLog = 0;
		};
/* End PBXShellScriptBuildPhase section */

/* Begin PBXSourcesBuildPhase section */
		420972901C7BF850007DA447 /* Sources */ = {
			isa = PBXSourcesBuildPhase;
			buildActionMask = 2147483647;
			files = (
				4209729A1C7BF850007DA447 /* ViewController.swift in Sources */,
				420972981C7BF850007DA447 /* AppDelegate.swift in Sources */,
			);
			runOnlyForDeploymentPostprocessing = 0;
		};
/* End PBXSourcesBuildPhase section */

/* Begin PBXVariantGroup section */
		4209729B1C7BF850007DA447 /* Main.storyboard */ = {
			isa = PBXVariantGroup;
			children = (
				4209729C1C7BF850007DA447 /* Base */,
			);
			name = Main.storyboard;
			sourceTree = "<group>";
		};
		420972A01C7BF850007DA447 /* LaunchScreen.storyboard */ = {
			isa = PBXVariantGroup;
			children = (
				420972A11C7BF850007DA447 /* Base */,
			);
			name = LaunchScreen.storyboard;
			sourceTree = "<group>";
		};
/* End PBXVariantGroup section */

/* Begin XCBuildConfiguration section */
		420972A41C7BF850007DA447 /* Debug */ = {
			isa = XCBuildConfiguration;
			buildSettings = {
				ALWAYS_SEARCH_USER_PATHS = NO;
				CLANG_CXX_LANGUAGE_STANDARD = "gnu++0x";
				CLANG_CXX_LIBRARY = "libc++";
				CLANG_ENABLE_MODULES = YES;
				CLANG_ENABLE_OBJC_ARC = YES;
				CLANG_WARN_BOOL_CONVERSION = YES;
				CLANG_WARN_CONSTANT_CONVERSION = YES;
				CLANG_WARN_DIRECT_OBJC_ISA_USAGE = YES_ERROR;
				CLANG_WARN_EMPTY_BODY = YES;
				CLANG_WARN_ENUM_CONVERSION = YES;
				CLANG_WARN_INT_CONVERSION = YES;
				CLANG_WARN_OBJC_ROOT_CLASS = YES_ERROR;
				CLANG_WARN_UNREACHABLE_CODE = YES;
				CLANG_WARN__DUPLICATE_METHOD_MATCH = YES;
				"CODE_SIGN_IDENTITY[sdk=iphoneos*]" = "iPhone Developer";
				COPY_PHASE_STRIP = NO;
				DEBUG_INFORMATION_FORMAT = dwarf;
				ENABLE_STRICT_OBJC_MSGSEND = YES;
				ENABLE_TESTABILITY = YES;
				GCC_C_LANGUAGE_STANDARD = gnu99;
				GCC_DYNAMIC_NO_PIC = NO;
				GCC_NO_COMMON_BLOCKS = YES;
				GCC_OPTIMIZATION_LEVEL = 0;
				GCC_PREPROCESSOR_DEFINITIONS = (
					"DEBUG=1",
					"$(inherited)",
				);
				GCC_WARN_64_TO_32_BIT_CONVERSION = YES;
				GCC_WARN_ABOUT_RETURN_TYPE = YES_ERROR;
				GCC_WARN_UNDECLARED_SELECTOR = YES;
				GCC_WARN_UNINITIALIZED_AUTOS = YES_AGGRESSIVE;
				GCC_WARN_UNUSED_FUNCTION = YES;
				GCC_WARN_UNUSED_VARIABLE = YES;
				IPHONEOS_DEPLOYMENT_TARGET = 9.2;
				MTL_ENABLE_DEBUG_INFO = YES;
				ONLY_ACTIVE_ARCH = YES;
				SDKROOT = iphoneos;
				SWIFT_OPTIMIZATION_LEVEL = "-Onone";
			};
			name = Debug;
		};
		420972A51C7BF850007DA447 /* Release */ = {
			isa = XCBuildConfiguration;
			buildSettings = {
				ALWAYS_SEARCH_USER_PATHS = NO;
				CLANG_CXX_LANGUAGE_STANDARD = "gnu++0x";
				CLANG_CXX_LIBRARY = "libc++";
				CLANG_ENABLE_MODULES = YES;
				CLANG_ENABLE_OBJC_ARC = YES;
				CLANG_WARN_BOOL_CONVERSION = YES;
				CLANG_WARN_CONSTANT_CONVERSION = YES;
				CLANG_WARN_DIRECT_OBJC_ISA_USAGE = YES_ERROR;
				CLANG_WARN_EMPTY_BODY = YES;
				CLANG_WARN_ENUM_CONVERSION = YES;
				CLANG_WARN_INT_CONVERSION = YES;
				CLANG_WARN_OBJC_ROOT_CLASS = YES_ERROR;
				CLANG_WARN_UNREACHABLE_CODE = YES;
				CLANG_WARN__DUPLICATE_METHOD_MATCH = YES;
				"CODE_SIGN_IDENTITY[sdk=iphoneos*]" = "iPhone Developer";
				COPY_PHASE_STRIP = NO;
				DEBUG_INFORMATION_FORMAT = "dwarf-with-dsym";
				ENABLE_NS_ASSERTIONS = NO;
				ENABLE_STRICT_OBJC_MSGSEND = YES;
				GCC_C_LANGUAGE_STANDARD = gnu99;
				GCC_NO_COMMON_BLOCKS = YES;
				GCC_WARN_64_TO_32_BIT_CONVERSION = YES;
				GCC_WARN_ABOUT_RETURN_TYPE = YES_ERROR;
				GCC_WARN_UNDECLARED_SELECTOR = YES;
				GCC_WARN_UNINITIALIZED_AUTOS = YES_AGGRESSIVE;
				GCC_WARN_UNUSED_FUNCTION = YES;
				GCC_WARN_UNUSED_VARIABLE = YES;
				IPHONEOS_DEPLOYMENT_TARGET = 9.2;
				MTL_ENABLE_DEBUG_INFO = NO;
				SDKROOT = iphoneos;
				VALIDATE_PRODUCT = YES;
			};
			name = Release;
		};
		420972A71C7BF850007DA447 /* Debug */ = {
			isa = XCBuildConfiguration;
			baseConfigurationReference = F547F41D9ED9F26A89925502 /* Pods.debug.xcconfig */;
			buildSettings = {
				ASSETCATALOG_COMPILER_APPICON_NAME = AppIcon;
				INFOPLIST_FILE = CLTCommonDemo/Info.plist;
				LD_RUNPATH_SEARCH_PATHS = "$(inherited) @executable_path/Frameworks";
				PRODUCT_BUNDLE_IDENTIFIER = com.196159353.CLTCommonDemo;
				PRODUCT_NAME = "$(TARGET_NAME)";
				SWIFT_OBJC_BRIDGING_HEADER = "CLTCommonDemo/CLTCommonDemo-Bridging-Header.h";
			};
			name = Debug;
		};
		420972A81C7BF850007DA447 /* Release */ = {
			isa = XCBuildConfiguration;
			baseConfigurationReference = F3C88E60ED94FC8A676B802A /* Pods.release.xcconfig */;
			buildSettings = {
				ASSETCATALOG_COMPILER_APPICON_NAME = AppIcon;
				INFOPLIST_FILE = CLTCommonDemo/Info.plist;
				LD_RUNPATH_SEARCH_PATHS = "$(inherited) @executable_path/Frameworks";
				PRODUCT_BUNDLE_IDENTIFIER = com.196159353.CLTCommonDemo;
				PRODUCT_NAME = "$(TARGET_NAME)";
				SWIFT_OBJC_BRIDGING_HEADER = "CLTCommonDemo/CLTCommonDemo-Bridging-Header.h";
			};
			name = Release;
		};
/* End XCBuildConfiguration section */

/* Begin XCConfigurationList section */
		4209728F1C7BF850007DA447 /* Build configuration list for PBXProject "CLTCommonDemo" */ = {
			isa = XCConfigurationList;
			buildConfigurations = (
				420972A41C7BF850007DA447 /* Debug */,
				420972A51C7BF850007DA447 /* Release */,
			);
			defaultConfigurationIsVisible = 0;
			defaultConfigurationName = Release;
		};
		420972A61C7BF850007DA447 /* Build configuration list for PBXNativeTarget "CLTCommonDemo" */ = {
			isa = XCConfigurationList;
			buildConfigurations = (
				420972A71C7BF850007DA447 /* Debug */,
				420972A81C7BF850007DA447 /* Release */,
			);
			defaultConfigurationIsVisible = 0;
			defaultConfigurationName = Release;
		};
/* End XCConfigurationList section */
	};
	rootObject = 4209728C1C7BF850007DA447 /* Project object */;
}
